
Microsoft Visual Studio Solution File, Format Version 12.00
# Visual Studio Version 17
VisualStudioVersion = 17.14.36301.6 d17.14
MinimumVisualStudioVersion = 10.0.40219.1
Project("{FAE04EC0-301F-11D3-BF4B-00C04F79EFBC}") = "ITI.Resturant.Management.MVC", "ITI.Resturant.Management.MVC\ITI.Resturant.Management.MVC.csproj", "{172F49FB-E119-425F-8BCF-AADB79B707D5}"
EndProject
Project("{2150E333-8FDC-42A3-9474-1A3956D46DE8}") = "Core", "Core", "{02EA681E-C7D8-13C7-8484-4AC65E1B71E8}"
EndProject
Project("{2150E333-8FDC-42A3-9474-1A3956D46DE8}") = "External", "External", "{37E2FE6D-2AEF-4888-8B5F-3E33421723C0}"
EndProject
Project("{FAE04EC0-301F-11D3-BF4B-00C04F79EFBC}") = "ITI.Resturant.Management.Core", "ITI.Resturant.Management.Core\ITI.Resturant.Management.Core.csproj", "{1710BC04-2DA8-4DEA-8D97-C6636CA11239}"
EndProject
Project("{FAE04EC0-301F-11D3-BF4B-00C04F79EFBC}") = "ITI.Resturant.Management.Application", "ITI.Resturant.Management.Application\ITI.Resturant.Management.Application.csproj", "{F92338E2-4CA4-4CDB-9169-BA196CDFFCB8}"
EndProject
Project("{FAE04EC0-301F-11D3-BF4B-00C04F79EFBC}") = "ITI.Resturant.Management.Infrastructure", "ITI.Resturant.Management.Infrastructure\ITI.Resturant.Management.Infrastructure.csproj", "{A3199FF6-87F0-4F10-AA42-94F024ADF771}"
EndProject
Global
	GlobalSection(SolutionConfigurationPlatforms) = preSolution
		Debug|Any CPU = Debug|Any CPU
		Release|Any CPU = Release|Any CPU
	EndGlobalSection
	GlobalSection(ProjectConfigurationPlatforms) = postSolution
		{172F49FB-E119-425F-8BCF-AADB79B707D5}.Debug|Any CPU.ActiveCfg = Debug|Any CPU
		{172F49FB-E119-425F-8BCF-AADB79B707D5}.Debug|Any CPU.Build.0 = Debug|Any CPU
		{172F49FB-E119-425F-8BCF-AADB79B707D5}.Release|Any CPU.ActiveCfg = Release|Any CPU
		{172F49FB-E119-425F-8BCF-AADB79B707D5}.Release|Any CPU.Build.0 = Release|Any CPU
		{1710BC04-2DA8-4DEA-8D97-C6636CA11239}.Debug|Any CPU.ActiveCfg = Debug|Any CPU
		{1710BC04-2DA8-4DEA-8D97-C6636CA11239}.Debug|Any CPU.Build.0 = Debug|Any CPU
		{1710BC04-2DA8-4DEA-8D97-C6636CA11239}.Release|Any CPU.ActiveCfg = Release|Any CPU
		{1710BC04-2DA8-4DEA-8D97-C6636CA11239}.Release|Any CPU.Build.0 = Release|Any CPU
		{F92338E2-4CA4-4CDB-9169-BA196CDFFCB8}.Debug|Any CPU.ActiveCfg = Debug|Any CPU
		{F92338E2-4CA4-4CDB-9169-BA196CDFFCB8}.Debug|Any CPU.Build.0 = Debug|Any CPU
		{F92338E2-4CA4-4CDB-9169-BA196CDFFCB8}.Release|Any CPU.ActiveCfg = Release|Any CPU
		{F92338E2-4CA4-4CDB-9169-BA196CDFFCB8}.Release|Any CPU.Build.0 = Release|Any CPU
		{A3199FF6-87F0-4F10-AA42-94F024ADF771}.Debug|Any CPU.ActiveCfg = Debug|Any CPU
		{A3199FF6-87F0-4F10-AA42-94F024ADF771}.Debug|Any CPU.Build.0 = Debug|Any CPU
		{A3199FF6-87F0-4F10-AA42-94F024ADF771}.Release|Any CPU.ActiveCfg = Release|Any CPU
		{A3199FF6-87F0-4F10-AA42-94F024ADF771}.Release|Any CPU.Build.0 = Release|Any CPU
	EndGlobalSection
	GlobalSection(SolutionProperties) = preSolution
		HideSolutionNode = FALSE
	EndGlobalSection
	GlobalSection(NestedProjects) = preSolution
		{172F49FB-E119-425F-8BCF-AADB79B707D5} = {37E2FE6D-2AEF-4888-8B5F-3E33421723C0}
		{1710BC04-2DA8-4DEA-8D97-C6636CA11239} = {02EA681E-C7D8-13C7-8484-4AC65E1B71E8}
		{F92338E2-4CA4-4CDB-9169-BA196CDFFCB8} = {02EA681E-C7D8-13C7-8484-4AC65E1B71E8}
		{A3199FF6-87F0-4F10-AA42-94F024ADF771} = {37E2FE6D-2AEF-4888-8B5F-3E33421723C0}
	EndGlobalSection
	GlobalSection(ExtensibilityGlobals) = postSolution
		SolutionGuid = {E4802873-CB89-4D2C-A3B9-F3B1D33D2F96}
	EndGlobalSection
EndGlobal
